
Microsoft Visual Studio Solution File, Format Version 12.00
# Visual Studio 15
VisualStudioVersion = 15.0.26730.3
MinimumVisualStudioVersion = 10.0.40219.1
Project("{9A19103F-16F7-4668-BE54-9A1E7A4F7556}") = "CmsEngine", "CmsEngine\CmsEngine.csproj", "{331862B2-43E2-4AC2-B8DC-09E95F539A39}"
EndProject
Project("{9A19103F-16F7-4668-BE54-9A1E7A4F7556}") = "CmsEngine.Tests", "CmsEngine.Tests\CmsEngine.Tests.csproj", "{940C729F-03E4-4003-953D-9E575BFF3B9F}"
EndProject
Project("{FAE04EC0-301F-11D3-BF4B-00C04F79EFBC}") = "CmsEngine.Ui", "CmsEngine.Ui\CmsEngine.Ui.csproj", "{0EFBEA3B-1735-44CF-B01F-F3D6DF4364C3}"
EndProject
Global
	GlobalSection(SolutionConfigurationPlatforms) = preSolution
		Debug|Any CPU = Debug|Any CPU
		Release|Any CPU = Release|Any CPU
	EndGlobalSection
	GlobalSection(ProjectConfigurationPlatforms) = postSolution
		{331862B2-43E2-4AC2-B8DC-09E95F539A39}.Debug|Any CPU.ActiveCfg = Debug|Any CPU
		{331862B2-43E2-4AC2-B8DC-09E95F539A39}.Debug|Any CPU.Build.0 = Debug|Any CPU
		{331862B2-43E2-4AC2-B8DC-09E95F539A39}.Release|Any CPU.ActiveCfg = Release|Any CPU
		{331862B2-43E2-4AC2-B8DC-09E95F539A39}.Release|Any CPU.Build.0 = Release|Any CPU
		{940C729F-03E4-4003-953D-9E575BFF3B9F}.Debug|Any CPU.ActiveCfg = Debug|Any CPU
		{940C729F-03E4-4003-953D-9E575BFF3B9F}.Debug|Any CPU.Build.0 = Debug|Any CPU
		{940C729F-03E4-4003-953D-9E575BFF3B9F}.Release|Any CPU.ActiveCfg = Release|Any CPU
		{940C729F-03E4-4003-953D-9E575BFF3B9F}.Release|Any CPU.Build.0 = Release|Any CPU
		{0EFBEA3B-1735-44CF-B01F-F3D6DF4364C3}.Debug|Any CPU.ActiveCfg = Debug|Any CPU
		{0EFBEA3B-1735-44CF-B01F-F3D6DF4364C3}.Debug|Any CPU.Build.0 = Debug|Any CPU
		{0EFBEA3B-1735-44CF-B01F-F3D6DF4364C3}.Release|Any CPU.ActiveCfg = Release|Any CPU
		{0EFBEA3B-1735-44CF-B01F-F3D6DF4364C3}.Release|Any CPU.Build.0 = Release|Any CPU
	EndGlobalSection
	GlobalSection(SolutionProperties) = preSolution
		HideSolutionNode = FALSE
	EndGlobalSection
	GlobalSection(ExtensibilityGlobals) = postSolution
		SolutionGuid = {D68CAE1D-8E71-4508-9FB8-754D6EE9721C}
	EndGlobalSection
EndGlobal
